
Microsoft Visual Studio Solution File, Format Version 12.00
# Visual Studio Version 16
VisualStudioVersion = 16.0.29509.3
MinimumVisualStudioVersion = 10.0.40219.1
Project("{FAE04EC0-301F-11D3-BF4B-00C04F79EFBC}") = "Xamarin.Forms.OfficeUIFabric", "Xamarin.Forms.OfficeUIFabric\Xamarin.Forms.OfficeUIFabric.csproj", "{53DD1D59-6833-4C9A-8AD5-49E18A65DFC7}"
EndProject
Project("{FAE04EC0-301F-11D3-BF4B-00C04F79EFBC}") = "OfficeUIFabric.Android", "OfficeUIFabric.Android\OfficeUIFabric.Android.csproj", "{2A74F1CF-C96D-4AFD-B8A5-F607374521EB}"
EndProject
Project("{FAE04EC0-301F-11D3-BF4B-00C04F79EFBC}") = "OfficeUIFabric.iOS", "OfficeUIFabric.iOS\OfficeUIFabric.iOS.csproj", "{04E314A4-C0F2-4BEB-84A3-1832BFC2EBAE}"
EndProject
Global
	GlobalSection(SolutionConfigurationPlatforms) = preSolution
		Debug|Any CPU = Debug|Any CPU
		Release|Any CPU = Release|Any CPU
	EndGlobalSection
	GlobalSection(ProjectConfigurationPlatforms) = postSolution
		{53DD1D59-6833-4C9A-8AD5-49E18A65DFC7}.Debug|Any CPU.ActiveCfg = Debug|Any CPU
		{53DD1D59-6833-4C9A-8AD5-49E18A65DFC7}.Debug|Any CPU.Build.0 = Debug|Any CPU
		{53DD1D59-6833-4C9A-8AD5-49E18A65DFC7}.Release|Any CPU.ActiveCfg = Release|Any CPU
		{53DD1D59-6833-4C9A-8AD5-49E18A65DFC7}.Release|Any CPU.Build.0 = Release|Any CPU
		{2A74F1CF-C96D-4AFD-B8A5-F607374521EB}.Debug|Any CPU.ActiveCfg = Debug|Any CPU
		{2A74F1CF-C96D-4AFD-B8A5-F607374521EB}.Debug|Any CPU.Build.0 = Debug|Any CPU
		{2A74F1CF-C96D-4AFD-B8A5-F607374521EB}.Release|Any CPU.ActiveCfg = Release|Any CPU
		{2A74F1CF-C96D-4AFD-B8A5-F607374521EB}.Release|Any CPU.Build.0 = Release|Any CPU
		{04E314A4-C0F2-4BEB-84A3-1832BFC2EBAE}.Debug|Any CPU.ActiveCfg = Debug|Any CPU
		{04E314A4-C0F2-4BEB-84A3-1832BFC2EBAE}.Debug|Any CPU.Build.0 = Debug|Any CPU
		{04E314A4-C0F2-4BEB-84A3-1832BFC2EBAE}.Release|Any CPU.ActiveCfg = Release|Any CPU
		{04E314A4-C0F2-4BEB-84A3-1832BFC2EBAE}.Release|Any CPU.Build.0 = Release|Any CPU
	EndGlobalSection
	GlobalSection(SolutionProperties) = preSolution
		HideSolutionNode = FALSE
	EndGlobalSection
	GlobalSection(ExtensibilityGlobals) = postSolution
		SolutionGuid = {7CF924EE-5BF2-4A78-9589-A027FAEF427D}
	EndGlobalSection
EndGlobal
